
Microsoft Visual Studio Solution File, Format Version 12.00
# Visual Studio Version 17
VisualStudioVersion = 17.9.34728.123
MinimumVisualStudioVersion = 10.0.40219.1
Project("{FAE04EC0-301F-11D3-BF4B-00C04F79EFBC}") = "CalcularIMC", "CalcularIMC\CalcularIMC.csproj", "{8AC5BF2C-1949-4D50-9031-2FAC40F37325}"
EndProject
Global
	GlobalSection(SolutionConfigurationPlatforms) = preSolution
		Debug|Any CPU = Debug|Any CPU
		Release|Any CPU = Release|Any CPU
	EndGlobalSection
	GlobalSection(ProjectConfigurationPlatforms) = postSolution
		{8AC5BF2C-1949-4D50-9031-2FAC40F37325}.Debug|Any CPU.ActiveCfg = Debug|Any CPU
		{8AC5BF2C-1949-4D50-9031-2FAC40F37325}.Debug|Any CPU.Build.0 = Debug|Any CPU
		{8AC5BF2C-1949-4D50-9031-2FAC40F37325}.Release|Any CPU.ActiveCfg = Release|Any CPU
		{8AC5BF2C-1949-4D50-9031-2FAC40F37325}.Release|Any CPU.Build.0 = Release|Any CPU
	EndGlobalSection
	GlobalSection(SolutionProperties) = preSolution
		HideSolutionNode = FALSE
	EndGlobalSection
	GlobalSection(ExtensibilityGlobals) = postSolution
		SolutionGuid = {92465D84-6CDA-4984-927E-FB51D51EE46C}
	EndGlobalSection
EndGlobal
